
Microsoft Visual Studio Solution File, Format Version 12.00
# Visual Studio Express 2012 for Windows Desktop
Project("{FAE04EC0-301F-11D3-BF4B-00C04F79EFBC}") = "ServerChecker", "ServerChecker.csproj", "{79EA5533-1662-4D08-AA4E-A4BB660F6A0B}"
EndProject
Global
	GlobalSection(SolutionConfigurationPlatforms) = preSolution
		Debug|Any CPU = Debug|Any CPU
		Release|Any CPU = Release|Any CPU
	EndGlobalSection
	GlobalSection(ProjectConfigurationPlatforms) = postSolution
		{79EA5533-1662-4D08-AA4E-A4BB660F6A0B}.Debug|Any CPU.ActiveCfg = Debug|Any CPU
		{79EA5533-1662-4D08-AA4E-A4BB660F6A0B}.Debug|Any CPU.Build.0 = Debug|Any CPU
		{79EA5533-1662-4D08-AA4E-A4BB660F6A0B}.Release|Any CPU.ActiveCfg = Release|Any CPU
		{79EA5533-1662-4D08-AA4E-A4BB660F6A0B}.Release|Any CPU.Build.0 = Release|Any CPU
	EndGlobalSection
	GlobalSection(SolutionProperties) = preSolution
		HideSolutionNode = FALSE
	EndGlobalSection
EndGlobal
